<?xml version="1.0" encoding="utf-8"?>
<Project ToolsVersion="4.0" xmlns="http://schemas.microsoft.com/developer/msbuild/2003">
  <ItemGroup>
    <Filter Include="ソース ファイル">
      <UniqueIdentifier>{4FC737F1-C7A5-4376-A066-2A32D752A2FF}</UniqueIdentifier>
      <Extensions>cpp;c;cc;cxx;c++;def;odl;idl;hpj;bat;asm;asmx</Extensions>
    </Filter>
    <Filter Include="ヘッダー ファイル">
      <UniqueIdentifier>{93995380-89BD-4b04-88EB-625FBE52EBFB}</UniqueIdentifier>
      <Extensions>h;hh;hpp;hxx;h++;hm;inl;inc;ipp;xsd</Extensions>
    </Filter>
    <Filter Include="リソース ファイル">
      <UniqueIdentifier>{67DA6AB6-F800-4c08-8B7A-83BB121AAD01}</UniqueIdentifier>
      <Extensions>rc;ico;cur;bmp;dlg;rc2;rct;bin;rgs;gif;jpg;jpeg;jpe;resx;tiff;tif;png;wav;mfcribbon-ms</Extensions>
    </Filter>
    <Filter Include="ソース ファイル\work">
      <UniqueIdentifier>{5a383940-d7f9-4535-9af7-4b04d97c8fb2}</UniqueIdentifier>
    </Filter>
    <Filter Include="ソース ファイル\Scene">
      <UniqueIdentifier>{27f510f3-0028-44b8-b84e-1dc1abf8be67}</UniqueIdentifier>
    </Filter>
    <Filter Include="ソース ファイル\work\Nagatomo">
      <UniqueIdentifier>{fa076da7-dbea-4e4d-96bb-16426d059224}</UniqueIdentifier>
    </Filter>
    <Filter Include="ソース ファイル\work\Yamaoka">
      <UniqueIdentifier>{b53454e7-be40-4b21-a1c1-c7c8f88ee4d7}</UniqueIdentifier>
    </Filter>
    <Filter Include="ソース ファイル\work\Ueyama">
      <UniqueIdentifier>{d527768b-72df-4671-8681-93d70b3114ee}</UniqueIdentifier>
    </Filter>
  </ItemGroup>
  <ItemGroup>
    <ClInclude Include="Actor.h">
      <Filter>ソース ファイル</Filter>
    </ClInclude>
    <ClInclude Include="GameScene.h">
      <Filter>ソース ファイル\Scene</Filter>
    </ClInclude>
    <ClInclude Include="Result.h">
      <Filter>ソース ファイル\Scene</Filter>
    </ClInclude>
    <ClInclude Include="SceneBase.h">
      <Filter>ソース ファイル\Scene</Filter>
    </ClInclude>
    <ClInclude Include="SceneMgr.h">
      <Filter>ソース ファイル\Scene</Filter>
    </ClInclude>
    <ClInclude Include="Title.h">
      <Filter>ソース ファイル\Scene</Filter>
    </ClInclude>
    <ClInclude Include="Nagatomo_Actor.h">
      <Filter>ソース ファイル\work\Nagatomo</Filter>
    </ClInclude>
    <ClInclude Include="Nagatomo_Camera.h">
      <Filter>ソース ファイル\work\Nagatomo</Filter>
    </ClInclude>
    <ClInclude Include="Nagatomo_GameScene.h">
      <Filter>ソース ファイル\work\Nagatomo</Filter>
    </ClInclude>
    <ClInclude Include="Nagatomo_PlayerActor.h">
      <Filter>ソース ファイル\work\Nagatomo</Filter>
    </ClInclude>
    <ClInclude Include="Nagatomo_Stage.h">
      <Filter>ソース ファイル\work\Nagatomo</Filter>
    </ClInclude>
    <ClInclude Include="Nagatomo_Title.h">
      <Filter>ソース ファイル\work\Nagatomo</Filter>
    </ClInclude>
    <ClInclude Include="Nagatomo_Result.h">
      <Filter>ソース ファイル\work\Nagatomo</Filter>
    </ClInclude>
    <ClInclude Include="Camera.h">
      <Filter>ソース ファイル</Filter>
    </ClInclude>
    <ClInclude Include="PlayerActor.h">
      <Filter>ソース ファイル</Filter>
    </ClInclude>
    <ClInclude Include="Stage.h">
      <Filter>ソース ファイル</Filter>
    </ClInclude>
    <ClInclude Include="Ueyama_GameScene.h">
      <Filter>ソース ファイル\work\Ueyama</Filter>
    </ClInclude>
    <ClInclude Include="Ueyama_Result.h">
      <Filter>ソース ファイル\work\Ueyama</Filter>
    </ClInclude>
    <ClInclude Include="Ueyama_Title.h">
      <Filter>ソース ファイル\work\Ueyama</Filter>
    </ClInclude>
    <ClInclude Include="Yamaoka_Actor.h">
      <Filter>ソース ファイル\work\Yamaoka</Filter>
    </ClInclude>
    <ClInclude Include="Yamaoka_Camera.h">
      <Filter>ソース ファイル\work\Yamaoka</Filter>
    </ClInclude>
    <ClInclude Include="Yamaoka_GameScene.h">
      <Filter>ソース ファイル\work\Yamaoka</Filter>
    </ClInclude>
    <ClInclude Include="Yamaoka_Stage.h">
      <Filter>ソース ファイル\work\Yamaoka</Filter>
    </ClInclude>
    <ClInclude Include="Yamaoka_PlayerActor.h">
      <Filter>ソース ファイル\work\Yamaoka</Filter>
    </ClInclude>
    <ClInclude Include="Ueyama_PlayerActor.h">
      <Filter>ソース ファイル\work\Ueyama</Filter>
    </ClInclude>
    <ClInclude Include="Ueyama_Camera.h">
      <Filter>ソース ファイル\work\Ueyama</Filter>
    </ClInclude>
    <ClInclude Include="Ueyama_Save.h">
      <Filter>ソース ファイル\work\Ueyama</Filter>
    </ClInclude>
    <ClInclude Include="Save.h">
      <Filter>ソース ファイル</Filter>
    </ClInclude>
  </ItemGroup>
  <ItemGroup>
    <ClCompile Include="Actor.cpp">
      <Filter>ソース ファイル</Filter>
    </ClCompile>
    <ClCompile Include="main.cpp">
      <Filter>ソース ファイル</Filter>
    </ClCompile>
    <ClCompile Include="GameScene.cpp">
      <Filter>ソース ファイル\Scene</Filter>
    </ClCompile>
    <ClCompile Include="Result.cpp">
      <Filter>ソース ファイル\Scene</Filter>
    </ClCompile>
    <ClCompile Include="SceneBase.cpp">
      <Filter>ソース ファイル\Scene</Filter>
    </ClCompile>
    <ClCompile Include="SceneMgr.cpp">
      <Filter>ソース ファイル\Scene</Filter>
    </ClCompile>
    <ClCompile Include="Title.cpp">
      <Filter>ソース ファイル\Scene</Filter>
    </ClCompile>
    <ClCompile Include="Nagatomo_Actor.cpp">
      <Filter>ソース ファイル\work\Nagatomo</Filter>
    </ClCompile>
    <ClCompile Include="Nagatomo_Camera.cpp">
      <Filter>ソース ファイル\work\Nagatomo</Filter>
    </ClCompile>
    <ClCompile Include="Nagatomo_GameScene.cpp">
      <Filter>ソース ファイル\work\Nagatomo</Filter>
    </ClCompile>
    <ClCompile Include="Nagatomo_PlayerActor.cpp">
      <Filter>ソース ファイル\work\Nagatomo</Filter>
    </ClCompile>
    <ClCompile Include="Nagatomo_Stage.cpp">
      <Filter>ソース ファイル\work\Nagatomo</Filter>
    </ClCompile>
    <ClCompile Include="Nagatomo_SceneMgr.cpp">
      <Filter>ソース ファイル\work\Nagatomo</Filter>
    </ClCompile>
    <ClCompile Include="Nagatomo_Title.cpp">
      <Filter>ソース ファイル\work\Nagatomo</Filter>
    </ClCompile>
    <ClCompile Include="Nagatomo_Result.cpp">
      <Filter>ソース ファイル\work\Nagatomo</Filter>
    </ClCompile>
    <ClCompile Include="PlayerActor.cpp">
      <Filter>ソース ファイル</Filter>
    </ClCompile>
    <ClCompile Include="Camera.cpp">
      <Filter>ソース ファイル</Filter>
    </ClCompile>
    <ClCompile Include="Stage.cpp">
      <Filter>ソース ファイル</Filter>
    </ClCompile>
    <ClCompile Include="Yamaoka_Actor.cpp">
      <Filter>ソース ファイル\work\Yamaoka</Filter>
    </ClCompile>
    <ClCompile Include="Yamaoka_Camera.cpp">
      <Filter>ソース ファイル\work\Yamaoka</Filter>
    </ClCompile>
    <ClCompile Include="Yamaoka_GameScene.cpp">
      <Filter>ソース ファイル\work\Yamaoka</Filter>
    </ClCompile>
    <ClCompile Include="Yamaoka_SceneMgr.cpp">
      <Filter>ソース ファイル\work\Yamaoka</Filter>
    </ClCompile>
    <ClCompile Include="Yamaoka_Stage.cpp">
      <Filter>ソース ファイル\work\Yamaoka</Filter>
    </ClCompile>
    <ClCompile Include="Yamaoka_Title.cpp">
      <Filter>ソース ファイル\work\Yamaoka</Filter>
    </ClCompile>
    <ClCompile Include="Ueyama_GameScene.cpp">
      <Filter>ソース ファイル\work\Ueyama</Filter>
    </ClCompile>
    <ClCompile Include="Ueyama_Result.cpp">
      <Filter>ソース ファイル\work\Ueyama</Filter>
    </ClCompile>
    <ClCompile Include="Ueyama_Title.cpp">
      <Filter>ソース ファイル\work\Ueyama</Filter>
    </ClCompile>
    <ClCompile Include="Yamaoka_PlayerActor.cpp">
      <Filter>ソース ファイル\work\Yamaoka</Filter>
    </ClCompile>
    <ClCompile Include="Ueyama_PlayerActor.cpp">
      <Filter>ソース ファイル\work\Ueyama</Filter>
    </ClCompile>
    <ClCompile Include="Ueyama_Camera.cpp">
      <Filter>ソース ファイル\work\Ueyama</Filter>
    </ClCompile>
    <ClCompile Include="Ueyama_Save.cpp">
      <Filter>ソース ファイル\work\Ueyama</Filter>
    </ClCompile>
    <ClCompile Include="Save.cpp">
      <Filter>ソース ファイル</Filter>
    </ClCompile>
  </ItemGroup>
</Project>